
Microsoft Visual Studio Solution File, Format Version 12.00
# Visual Studio Version 17
VisualStudioVersion = 17.1.32414.318
MinimumVisualStudioVersion = 10.0.40219.1
Project("{FAE04EC0-301F-11D3-BF4B-00C04F79EFBC}") = "SelectionStatementExercise", "SelectionStatementExercise\SelectionStatementExercise.csproj", "{12487F91-A3B9-4C50-93D0-17D20C595518}"
EndProject
Global
	GlobalSection(SolutionConfigurationPlatforms) = preSolution
		Debug|Any CPU = Debug|Any CPU
		Release|Any CPU = Release|Any CPU
	EndGlobalSection
	GlobalSection(ProjectConfigurationPlatforms) = postSolution
		{12487F91-A3B9-4C50-93D0-17D20C595518}.Debug|Any CPU.ActiveCfg = Debug|Any CPU
		{12487F91-A3B9-4C50-93D0-17D20C595518}.Debug|Any CPU.Build.0 = Debug|Any CPU
		{12487F91-A3B9-4C50-93D0-17D20C595518}.Release|Any CPU.ActiveCfg = Release|Any CPU
		{12487F91-A3B9-4C50-93D0-17D20C595518}.Release|Any CPU.Build.0 = Release|Any CPU
	EndGlobalSection
	GlobalSection(SolutionProperties) = preSolution
		HideSolutionNode = FALSE
	EndGlobalSection
	GlobalSection(ExtensibilityGlobals) = postSolution
		SolutionGuid = {2680AD2A-716B-4409-994C-12ACBD477968}
	EndGlobalSection
EndGlobal
